
Microsoft Visual Studio Solution File, Format Version 12.00
# Visual Studio Version 17
VisualStudioVersion = 17.5.002.0
MinimumVisualStudioVersion = 10.0.40219.1
Project("{9A19103F-16F7-4668-BE54-9A1E7A4F7556}") = "lab7", "lab7.csproj", "{AB7963FD-8441-444F-A051-9B3677F81913}"
EndProject
Global
	GlobalSection(SolutionConfigurationPlatforms) = preSolution
		Debug|Any CPU = Debug|Any CPU
		Release|Any CPU = Release|Any CPU
	EndGlobalSection
	GlobalSection(ProjectConfigurationPlatforms) = postSolution
		{AB7963FD-8441-444F-A051-9B3677F81913}.Debug|Any CPU.ActiveCfg = Debug|Any CPU
		{AB7963FD-8441-444F-A051-9B3677F81913}.Debug|Any CPU.Build.0 = Debug|Any CPU
		{AB7963FD-8441-444F-A051-9B3677F81913}.Release|Any CPU.ActiveCfg = Release|Any CPU
		{AB7963FD-8441-444F-A051-9B3677F81913}.Release|Any CPU.Build.0 = Release|Any CPU
	EndGlobalSection
	GlobalSection(SolutionProperties) = preSolution
		HideSolutionNode = FALSE
	EndGlobalSection
	GlobalSection(ExtensibilityGlobals) = postSolution
		SolutionGuid = {2647BEE8-3CAA-4E27-B1ED-9C55E2A75AA2}
	EndGlobalSection
EndGlobal
